github.com/Kunde21/markdownfmt v0.1.6 h1:ElQ4ZsxyCfzAXo3EKnFTTlvedLjLggQ1BJjsgY9hd4A=
github.com/Kunde21/markdownfmt v0.1.6/go.mod h1:klKoOJ+0s67M+fZcA05yDM1iqJETZG3FmjeujNkzh4I=
github.com/Kunde21/markdownfmt/v3 v3.1.0 h1:KiZu9LKs+wFFBQKhrZJrFZwtLnCCWJahL+S+E/3VnM0=
github.com/Kunde21/markdownfmt/v3 v3.1.0/go.mod h1:tPXN1RTyOzJwhfHoon9wUr4HGYmWgVxSQN6VBJDkrVc=
github.com/mattn/go-runewidth v0.0.3/go.mod h1:LwmH8dsx7+W8Uxz3IHJYH5QSwggIsqBzpuz5H//U1FU=
github.com/mattn/go-runewidth v0.0.9 h1:Lm995f3rfxdpd6TSmuVCHVb/QhupuXlYr8sCI/QdE+0=
github.com/mattn/go-runewidth v0.0.9/go.mod h1:H031xJmbD/WCDINGzjvQ9THkh0rPKHF+m2gUSrubnMI=
github.com/pmezard/go-difflib v1.0.0/go.mod h1:iKH77koFhYxTK1pcRnkKkqfTogsbg7gZNVY4sRDYZ/4=
github.com/russross/blackfriday v1.6.0 h1:KqfZb0pUVN2lYqZUYRddxF4OR8ZMURnJIG5Y3VRLtww=
github.com/russross/blackfriday v1.6.0/go.mod h1:ti0ldHuxg49ri4ksnFxlkCfN+hvslNlmVHqNRXXJNAY=
github.com/russross/blackfriday/v2 v2.0.1 h1:lPqVAte+HuHNfhJ/0LC98ESWRz8afy9tM/0RK8m9o+Q=
github.com/russross/blackfriday/v2 v2.0.1/go.mod h1:+Rmxgy9KzJVeS9/2gXHxylqXiyQDYRxCVz55jmeOWTM=
github.com/shurcooL/go v0.0.0-20230706063926-5fe729b41b3a h1:ZHfoO7ZJhws9NU1kzZhStUnnVQiPtDe1PzpUnc6HirU=
github.com/shurcooL/go v0.0.0-20230706063926-5fe729b41b3a/go.mod h1:DNrlr0AR9NsHD/aoc2pPeu4uSBZ/71yCHkR42yrzW3M=
github.com/shurcooL/markdownfmt v0.0.0-20231025213440-c8f16ef0855c h1:KLm70ZxJF9Zmi4Mcn96Ni9yELJDiwOkDZK25YO6ZGlA=
github.com/shurcooL/markdownfmt v0.0.0-20231025213440-c8f16ef0855c/go.mod h1:Y3QM23ahLei1QaMBScz4YZbWktsBlf2A2DT2Yw2Ts68=
github.com/shurcooL/sanitized_anchor_name v0.0.0-20170918181015-86672fcb3f95 h1:/vdW8Cb7EXrkqWGufVMES1OH2sU9gKVb2n9/1y5NMBY=
github.com/shurcooL/sanitized_anchor_name v0.0.0-20170918181015-86672fcb3f95/go.mod h1:1NzhyTcUVG4SuEtjjoZeVRXNmyL/1OwPU0+IJeTBvfc=
github.com/teekennedy/goldmark-markdown v0.2.0 h1:8sH8nHTJ26GmRJJCxbrUawr3+6Py+i8n1WciK3Nec4o=
github.com/teekennedy/goldmark-markdown v0.2.0/go.mod h1:K5oYIgkUgMBjvaN2i8r+DaAooUcN+k5xkZ5jt4pXo6s=
github.com/yuin/goldmark v1.6.0 h1:boZcn2GTjpsynOsC0iJHnBWa4Bi0qzfJjthwauItG68=
github.com/yuin/goldmark v1.6.0/go.mod h1:6yULJ656Px+3vBD8DxQVa3kxgyrAnzto9xy5taEt/CY=
